
Microsoft Visual Studio Solution File, Format Version 12.00
# Visual Studio Version 17
VisualStudioVersion = 17.7.34018.315
MinimumVisualStudioVersion = 10.0.40219.1
Project("{9A19103F-16F7-4668-BE54-9A1E7A4F7556}") = "HouseRentApp", "Project2_HouseRentApp\HouseRentApp.csproj", "{8ADFD67A-7287-43E6-9B83-AC8BDA739589}"
EndProject
Global
	GlobalSection(SolutionConfigurationPlatforms) = preSolution
		Debug|Any CPU = Debug|Any CPU
		Release|Any CPU = Release|Any CPU
	EndGlobalSection
	GlobalSection(ProjectConfigurationPlatforms) = postSolution
		{8ADFD67A-7287-43E6-9B83-AC8BDA739589}.Debug|Any CPU.ActiveCfg = Debug|Any CPU
		{8ADFD67A-7287-43E6-9B83-AC8BDA739589}.Debug|Any CPU.Build.0 = Debug|Any CPU
		{8ADFD67A-7287-43E6-9B83-AC8BDA739589}.Release|Any CPU.ActiveCfg = Release|Any CPU
		{8ADFD67A-7287-43E6-9B83-AC8BDA739589}.Release|Any CPU.Build.0 = Release|Any CPU
	EndGlobalSection
	GlobalSection(SolutionProperties) = preSolution
		HideSolutionNode = FALSE
	EndGlobalSection
	GlobalSection(ExtensibilityGlobals) = postSolution
		SolutionGuid = {680E4A40-89BC-40A1-A2D0-0CFC27724CE8}
	EndGlobalSection
EndGlobal
